
Microsoft Visual Studio Solution File, Format Version 12.00
# Visual Studio Version 16
VisualStudioVersion = 16.0.31515.178
MinimumVisualStudioVersion = 10.0.40219.1
Project("{FAE04EC0-301F-11D3-BF4B-00C04F79EFBC}") = "pacMAn", "pacMAn.csproj", "{63BFDCA9-9C43-470F-8E3D-A852CEA1287C}"
EndProject
Global
	GlobalSection(SolutionConfigurationPlatforms) = preSolution
		Debug|Any CPU = Debug|Any CPU
		Release|Any CPU = Release|Any CPU
	EndGlobalSection
	GlobalSection(ProjectConfigurationPlatforms) = postSolution
		{63BFDCA9-9C43-470F-8E3D-A852CEA1287C}.Debug|Any CPU.ActiveCfg = Debug|Any CPU
		{63BFDCA9-9C43-470F-8E3D-A852CEA1287C}.Debug|Any CPU.Build.0 = Debug|Any CPU
		{63BFDCA9-9C43-470F-8E3D-A852CEA1287C}.Release|Any CPU.ActiveCfg = Release|Any CPU
		{63BFDCA9-9C43-470F-8E3D-A852CEA1287C}.Release|Any CPU.Build.0 = Release|Any CPU
	EndGlobalSection
	GlobalSection(SolutionProperties) = preSolution
		HideSolutionNode = FALSE
	EndGlobalSection
	GlobalSection(ExtensibilityGlobals) = postSolution
		SolutionGuid = {3D377BA4-E5C3-4D43-9751-BC64D5340588}
	EndGlobalSection
EndGlobal
